{
  "name": "gen-ex",
  "version": "0.0.0",
  "lockfileVersion": 1,
  "dependencies": {
    "ejs": {
      "version": "2.5.7",
      "resolved": "https://registry.npmjs.org/ejs/-/ejs-2.5.7.tgz",
      "integrity": "sha1-zIcsFoiArjxxiXYv1f/ACJbJUYo="
    },
    "ejs-locals": {
      "version": "1.0.2",
      "resolved": "https://registry.npmjs.org/ejs-locals/-/ejs-locals-1.0.2.tgz",
      "integrity": "sha1-ubMg/2kzFUEF+g7taD6mTWeAiM4=",
      "dependencies": {
        "ejs": {
          "version": "0.8.8",
          "resolved": "https://registry.npmjs.org/ejs/-/ejs-0.8.8.tgz",
          "integrity": "sha1-/9xW3MNdApJt1QrRNDm7xUBh1Zg="
        }
      }
    }
  }
}
